
Microsoft Visual Studio Solution File, Format Version 12.00
# Visual Studio 15
VisualStudioVersion = 15.0.27428.2027
MinimumVisualStudioVersion = 10.0.40219.1
Project("{9A19103F-16F7-4668-BE54-9A1E7A4F7556}") = "LaserVg.Library", "library\LaserVg.Library.csproj", "{B2AA3374-39AA-42D1-A095-8E9CCB438455}"
EndProject
Project("{9A19103F-16F7-4668-BE54-9A1E7A4F7556}") = "LaserVg.Sample", "sample\LaserVg.Sample.csproj", "{AB6A5B5F-73CD-4C42-B885-091247FAC815}"
EndProject
Global
	GlobalSection(SolutionConfigurationPlatforms) = preSolution
		Debug|Any CPU = Debug|Any CPU
		Release|Any CPU = Release|Any CPU
	EndGlobalSection
	GlobalSection(ProjectConfigurationPlatforms) = postSolution
		{B2AA3374-39AA-42D1-A095-8E9CCB438455}.Debug|Any CPU.ActiveCfg = Debug|Any CPU
		{B2AA3374-39AA-42D1-A095-8E9CCB438455}.Debug|Any CPU.Build.0 = Debug|Any CPU
		{B2AA3374-39AA-42D1-A095-8E9CCB438455}.Release|Any CPU.ActiveCfg = Release|Any CPU
		{B2AA3374-39AA-42D1-A095-8E9CCB438455}.Release|Any CPU.Build.0 = Release|Any CPU
		{AB6A5B5F-73CD-4C42-B885-091247FAC815}.Debug|Any CPU.ActiveCfg = Debug|Any CPU
		{AB6A5B5F-73CD-4C42-B885-091247FAC815}.Debug|Any CPU.Build.0 = Debug|Any CPU
		{AB6A5B5F-73CD-4C42-B885-091247FAC815}.Release|Any CPU.ActiveCfg = Release|Any CPU
		{AB6A5B5F-73CD-4C42-B885-091247FAC815}.Release|Any CPU.Build.0 = Release|Any CPU
	EndGlobalSection
	GlobalSection(SolutionProperties) = preSolution
		HideSolutionNode = FALSE
	EndGlobalSection
	GlobalSection(ExtensibilityGlobals) = postSolution
		SolutionGuid = {C794EDD2-4082-4DB4-88BC-9B5275F0AE88}
	EndGlobalSection
EndGlobal
